// !$*UTF8*$!
{
	archiveVersion = 1;
	classes = {
	};
	objectVersion = 77;
	objects = {

/* Begin PBXBuildFile section */
		CC7B87032DE0E653000F7B4F /* ArcGIS in Frameworks */ = {isa = PBXBuildFile; productRef = CC7B87022DE0E653000F7B4F /* ArcGIS */; };
		CC7B87052DE0E67E000F7B4F /* ArcGIS in Frameworks */ = {isa = PBXBuildFile; productRef = CC7B87042DE0E67E000F7B4F /* ArcGIS */; };
		CC7B87072DE0EE90000F7B4F /* ArcGIS in Frameworks */ = {isa = PBXBuildFile; productRef = CC7B87062DE0EE90000F7B4F /* ArcGIS */; };
/* End PBXBuildFile section */

/* Begin PBXContainerItemProxy section */
		CC9E0CF72D61A7B300584402 /* PBXContainerItemProxy */ = {
			isa = PBXContainerItemProxy;
			containerPortal = CC9E0CDC2D61A7B200584402 /* Project object */;
			proxyType = 1;
			remoteGlobalIDString = CC9E0CE32D61A7B200584402;
			remoteInfo = Lizection;
		};
		CC9E0D012D61A7B400584402 /* PBXContainerItemProxy */ = {
			isa = PBXContainerItemProxy;
			containerPortal = CC9E0CDC2D61A7B200584402 /* Project object */;
			proxyType = 1;
			remoteGlobalIDString = CC9E0CE32D61A7B200584402;
			remoteInfo = Lizection;
		};
/* End PBXContainerItemProxy section */

/* Begin PBXFileReference section */
		CC9E0CE42D61A7B200584402 /* Lizection.app */ = {isa = PBXFileReference; explicitFileType = wrapper.application; includeInIndex = 0; path = Lizection.app; sourceTree = BUILT_PRODUCTS_DIR; };
		CC9E0CF62D61A7B300584402 /* LizectionTests.xctest */ = {isa = PBXFileReference; explicitFileType = wrapper.cfbundle; includeInIndex = 0; path = LizectionTests.xctest; sourceTree = BUILT_PRODUCTS_DIR; };
		CC9E0D002D61A7B400584402 /* LizectionUITests.xctest */ = {isa = PBXFileReference; explicitFileType = wrapper.cfbundle; includeInIndex = 0; path = LizectionUITests.xctest; sourceTree = BUILT_PRODUCTS_DIR; };
/* End PBXFileReference section */

/* Begin PBXFileSystemSynchronizedRootGroup section */
		CC9E0CE62D61A7B200584402 /* Lizection */ = {
			isa = PBXFileSystemSynchronizedRootGroup;
			path = Lizection;
			sourceTree = "<group>";
		};
		CC9E0CF92D61A7B300584402 /* LizectionTests */ = {
			isa = PBXFileSystemSynchronizedRootGroup;
			path = LizectionTests;
			sourceTree = "<group>";
		};
		CC9E0D032D61A7B400584402 /* LizectionUITests */ = {
			isa = PBXFileSystemSynchronizedRootGroup;
			path = LizectionUITests;
			sourceTree = "<group>";
		};
/* End PBXFileSystemSynchronizedRootGroup section */

/* Begin PBXFrameworksBuildPhase section */
		CC9E0CE12D61A7B200584402 /* Frameworks */ = {
			isa = PBXFrameworksBuildPhase;
			buildActionMask = 2147483647;
			files = (
				CC7B87052DE0E67E000F7B4F /* ArcGIS in Frameworks */,
			);
			runOnlyForDeploymentPostprocessing = 0;
		};
		CC9E0CF32D61A7B300584402 /* Frameworks */ = {
			isa = PBXFrameworksBuildPhase;
			buildActionMask = 2147483647;
			files = (
				CC7B87032DE0E653000F7B4F /* ArcGIS in Frameworks */,
			);
			runOnlyForDeploymentPostprocessing = 0;
		};
		CC9E0CFD2D61A7B400584402 /* Frameworks */ = {
			isa = PBXFrameworksBuildPhase;
			buildActionMask = 2147483647;
			files = (
				CC7B87072DE0EE90000F7B4F /* ArcGIS in Frameworks */,
			);
			runOnlyForDeploymentPostprocessing = 0;
		};
/* End PBXFrameworksBuildPhase section */

/* Begin PBXGroup section */
		CC9E0CDB2D61A7B200584402 = {
			isa = PBXGroup;
			children = (
				CC9E0CE62D61A7B200584402 /* Lizection */,
				CC9E0CF92D61A7B300584402 /* LizectionTests */,
				CC9E0D032D61A7B400584402 /* LizectionUITests */,
				CC9E0CE52D61A7B200584402 /* Products */,
			);
			sourceTree = "<group>";
		};
		CC9E0CE52D61A7B200584402 /* Products */ = {
			isa = PBXGroup;
			children = (
				CC9E0CE42D61A7B200584402 /* Lizection.app */,
				CC9E0CF62D61A7B300584402 /* LizectionTests.xctest */,
				CC9E0D002D61A7B400584402 /* LizectionUITests.xctest */,
			);
			name = Products;
			sourceTree = "<group>";
		};
/* End PBXGroup section */

/* Begin PBXNativeTarget section */
		CC9E0CE32D61A7B200584402 /* Lizection */ = {
			isa = PBXNativeTarget;
			buildConfigurationList = CC9E0D0A2D61A7B400584402 /* Build configuration list for PBXNativeTarget "Lizection" */;
			buildPhases = (
				CC9E0CE02D61A7B200584402 /* Sources */,
				CC9E0CE12D61A7B200584402 /* Frameworks */,
				CC9E0CE22D61A7B200584402 /* Resources */,
			);
			buildRules = (
			);
			dependencies = (
			);
			fileSystemSynchronizedGroups = (
				CC9E0CE62D61A7B200584402 /* Lizection */,
			);
			name = Lizection;
			packageProductDependencies = (
				CC7B87042DE0E67E000F7B4F /* ArcGIS */,
			);
			productName = Lizection;
			productReference = CC9E0CE42D61A7B200584402 /* Lizection.app */;
			productType = "com.apple.product-type.application";
		};
		CC9E0CF52D61A7B300584402 /* LizectionTests */ = {
			isa = PBXNativeTarget;
			buildConfigurationList = CC9E0D0D2D61A7B400584402 /* Build configuration list for PBXNativeTarget "LizectionTests" */;
			buildPhases = (
				CC9E0CF22D61A7B300584402 /* Sources */,
				CC9E0CF32D61A7B300584402 /* Frameworks */,
				CC9E0CF42D61A7B300584402 /* Resources */,
			);
			buildRules = (
			);
			dependencies = (
				CC9E0CF82D61A7B300584402 /* PBXTargetDependency */,
			);
			fileSystemSynchronizedGroups = (
				CC9E0CF92D61A7B300584402 /* LizectionTests */,
			);
			name = LizectionTests;
			packageProductDependencies = (
				CC7B87022DE0E653000F7B4F /* ArcGIS */,
			);
			productName = LizectionTests;
			productReference = CC9E0CF62D61A7B300584402 /* LizectionTests.xctest */;
			productType = "com.apple.product-type.bundle.unit-test";
		};
		CC9E0CFF2D61A7B400584402 /* LizectionUITests */ = {
			isa = PBXNativeTarget;
			buildConfigurationList = CC9E0D102D61A7B400584402 /* Build configuration list for PBXNativeTarget "LizectionUITests" */;
			buildPhases = (
				CC9E0CFC2D61A7B400584402 /* Sources */,
				CC9E0CFD2D61A7B400584402 /* Frameworks */,
				CC9E0CFE2D61A7B400584402 /* Resources */,
			);
			buildRules = (
			);
			dependencies = (
				CC9E0D022D61A7B400584402 /* PBXTargetDependency */,
			);
			fileSystemSynchronizedGroups = (
				CC9E0D032D61A7B400584402 /* LizectionUITests */,
			);
			name = LizectionUITests;
			packageProductDependencies = (
				CC7B87062DE0EE90000F7B4F /* ArcGIS */,
			);
			productName = LizectionUITests;
			productReference = CC9E0D002D61A7B400584402 /* LizectionUITests.xctest */;
			productType = "com.apple.product-type.bundle.ui-testing";
		};
/* End PBXNativeTarget section */

/* Begin PBXProject section */
		CC9E0CDC2D61A7B200584402 /* Project object */ = {
			isa = PBXProject;
			attributes = {
				BuildIndependentTargetsInParallel = 1;
				LastSwiftUpdateCheck = 1620;
				LastUpgradeCheck = 1630;
				TargetAttributes = {
					CC9E0CE32D61A7B200584402 = {
						CreatedOnToolsVersion = 16.2;
					};
					CC9E0CF52D61A7B300584402 = {
						CreatedOnToolsVersion = 16.2;
						TestTargetID = CC9E0CE32D61A7B200584402;
					};
					CC9E0CFF2D61A7B400584402 = {
						CreatedOnToolsVersion = 16.2;
						TestTargetID = CC9E0CE32D61A7B200584402;
					};
				};
			};
			buildConfigurationList = CC9E0CDF2D61A7B200584402 /* Build configuration list for PBXProject "Lizection" */;
			developmentRegion = en;
			hasScannedForEncodings = 0;
			knownRegions = (
				en,
				Base,
			);
			mainGroup = CC9E0CDB2D61A7B200584402;
			minimizedProjectReferenceProxies = 1;
			packageReferences = (
				CC9E0D3E2D633CD200584402 /* XCRemoteSwiftPackageReference "arcgis-maps-sdk-swift" */,
			);
			preferredProjectObjectVersion = 77;
			productRefGroup = CC9E0CE52D61A7B200584402 /* Products */;
			projectDirPath = "";
			projectRoot = "";
			targets = (
				CC9E0CE32D61A7B200584402 /* Lizection */,
				CC9E0CF52D61A7B300584402 /* LizectionTests */,
				CC9E0CFF2D61A7B400584402 /* LizectionUITests */,
			);
		};
/* End PBXProject section */

/* Begin PBXResourcesBuildPhase section */
		CC9E0CE22D61A7B200584402 /* Resources */ = {
			isa = PBXResourcesBuildPhase;
			buildActionMask = 2147483647;
			files = (
			);
			runOnlyForDeploymentPostprocessing = 0;
		};
		CC9E0CF42D61A7B300584402 /* Resources */ = {
			isa = PBXResourcesBuildPhase;
			buildActionMask = 2147483647;
			files = (
			);
			runOnlyForDeploymentPostprocessing = 0;
		};
		CC9E0CFE2D61A7B400584402 /* Resources */ = {
			isa = PBXResourcesBuildPhase;
			buildActionMask = 2147483647;
			files = (
			);
			runOnlyForDeploymentPostprocessing = 0;
		};
/* End PBXResourcesBuildPhase section */

/* Begin PBXSourcesBuildPhase section */
		CC9E0CE02D61A7B200584402 /* Sources */ = {
			isa = PBXSourcesBuildPhase;
			buildActionMask = 2147483647;
			files = (
			);
			runOnlyForDeploymentPostprocessing = 0;
		};
		CC9E0CF22D61A7B300584402 /* Sources */ = {
			isa = PBXSourcesBuildPhase;
			buildActionMask = 2147483647;
			files = (
			);
			runOnlyForDeploymentPostprocessing = 0;
		};
		CC9E0CFC2D61A7B400584402 /* Sources */ = {
			isa = PBXSourcesBuildPhase;
			buildActionMask = 2147483647;
			files = (
			);
			runOnlyForDeploymentPostprocessing = 0;
		};
/* End PBXSourcesBuildPhase section */

/* Begin PBXTargetDependency section */
		CC9E0CF82D61A7B300584402 /* PBXTargetDependency */ = {
			isa = PBXTargetDependency;
			target = CC9E0CE32D61A7B200584402 /* Lizection */;
			targetProxy = CC9E0CF72D61A7B300584402 /* PBXContainerItemProxy */;
		};
		CC9E0D022D61A7B400584402 /* PBXTargetDependency */ = {
			isa = PBXTargetDependency;
			target = CC9E0CE32D61A7B200584402 /* Lizection */;
			targetProxy = CC9E0D012D61A7B400584402 /* PBXContainerItemProxy */;
		};
/* End PBXTargetDependency section */

/* Begin XCBuildConfiguration section */
		CC9E0D082D61A7B400584402 /* Debug */ = {
			isa = XCBuildConfiguration;
			buildSettings = {
				ALWAYS_SEARCH_USER_PATHS = NO;
				ASSETCATALOG_COMPILER_GENERATE_SWIFT_ASSET_SYMBOL_EXTENSIONS = YES;
				CLANG_ANALYZER_NONNULL = YES;
				CLANG_ANALYZER_NUMBER_OBJECT_CONVERSION = YES_AGGRESSIVE;
				CLANG_CXX_LANGUAGE_STANDARD = "gnu++20";
				CLANG_ENABLE_MODULES = YES;
				CLANG_ENABLE_OBJC_ARC = YES;
				CLANG_ENABLE_OBJC_WEAK = YES;
				CLANG_WARN_BLOCK_CAPTURE_AUTORELEASING = YES;
				CLANG_WARN_BOOL_CONVERSION = YES;
				CLANG_WARN_COMMA = YES;
				CLANG_WARN_CONSTANT_CONVERSION = YES;
				CLANG_WARN_DEPRECATED_OBJC_IMPLEMENTATIONS = YES;
				CLANG_WARN_DIRECT_OBJC_ISA_USAGE = YES_ERROR;
				CLANG_WARN_DOCUMENTATION_COMMENTS = YES;
				CLANG_WARN_EMPTY_BODY = YES;
				CLANG_WARN_ENUM_CONVERSION = YES;
				CLANG_WARN_INFINITE_RECURSION = YES;
				CLANG_WARN_INT_CONVERSION = YES;
				CLANG_WARN_NON_LITERAL_NULL_CONVERSION = YES;
				CLANG_WARN_OBJC_IMPLICIT_RETAIN_SELF = YES;
				CLANG_WARN_OBJC_LITERAL_CONVERSION = YES;
				CLANG_WARN_OBJC_ROOT_CLASS = YES_ERROR;
				CLANG_WARN_QUOTED_INCLUDE_IN_FRAMEWORK_HEADER = YES;
				CLANG_WARN_RANGE_LOOP_ANALYSIS = YES;
				CLANG_WARN_STRICT_PROTOTYPES = YES;
				CLANG_WARN_SUSPICIOUS_MOVE = YES;
				CLANG_WARN_UNGUARDED_AVAILABILITY = YES_AGGRESSIVE;
				CLANG_WARN_UNREACHABLE_CODE = YES;
				CLANG_WARN__DUPLICATE_METHOD_MATCH = YES;
				COPY_PHASE_STRIP = NO;
				DEBUG_INFORMATION_FORMAT = dwarf;
				DEVELOPMENT_TEAM = BD72FKWLAY;
				ENABLE_STRICT_OBJC_MSGSEND = YES;
				ENABLE_TESTABILITY = YES;
				ENABLE_USER_SCRIPT_SANDBOXING = YES;
				GCC_C_LANGUAGE_STANDARD = gnu17;
				GCC_DYNAMIC_NO_PIC = NO;
				GCC_NO_COMMON_BLOCKS = YES;
				GCC_OPTIMIZATION_LEVEL = 0;
				GCC_PREPROCESSOR_DEFINITIONS = (
					"DEBUG=1",
					"$(inherited)",
				);
				GCC_WARN_64_TO_32_BIT_CONVERSION = YES;
				GCC_WARN_ABOUT_RETURN_TYPE = YES_ERROR;
				GCC_WARN_UNDECLARED_SELECTOR = YES;
				GCC_WARN_UNINITIALIZED_AUTOS = YES_AGGRESSIVE;
				GCC_WARN_UNUSED_FUNCTION = YES;
				GCC_WARN_UNUSED_VARIABLE = YES;
				IPHONEOS_DEPLOYMENT_TARGET = 18.2;
				LOCALIZATION_PREFERS_STRING_CATALOGS = YES;
				MTL_ENABLE_DEBUG_INFO = INCLUDE_SOURCE;
				MTL_FAST_MATH = YES;
				ONLY_ACTIVE_ARCH = YES;
				SDKROOT = iphoneos;
				SWIFT_ACTIVE_COMPILATION_CONDITIONS = "DEBUG $(inherited)";
				SWIFT_OPTIMIZATION_LEVEL = "-Onone";
			};
			name = Debug;
		};
		CC9E0D092D61A7B400584402 /* Release */ = {
			isa = XCBuildConfiguration;
			buildSettings = {
				ALWAYS_SEARCH_USER_PATHS = NO;
				ASSETCATALOG_COMPILER_GENERATE_SWIFT_ASSET_SYMBOL_EXTENSIONS = YES;
				CLANG_ANALYZER_NONNULL = YES;
				CLANG_ANALYZER_NUMBER_OBJECT_CONVERSION = YES_AGGRESSIVE;
				CLANG_CXX_LANGUAGE_STANDARD = "gnu++20";
				CLANG_ENABLE_MODULES = YES;
				CLANG_ENABLE_OBJC_ARC = YES;
				CLANG_ENABLE_OBJC_WEAK = YES;
				CLANG_WARN_BLOCK_CAPTURE_AUTORELEASING = YES;
				CLANG_WARN_BOOL_CONVERSION = YES;
				CLANG_WARN_COMMA = YES;
				CLANG_WARN_CONSTANT_CONVERSION = YES;
				CLANG_WARN_DEPRECATED_OBJC_IMPLEMENTATIONS = YES;
				CLANG_WARN_DIRECT_OBJC_ISA_USAGE = YES_ERROR;
				CLANG_WARN_DOCUMENTATION_COMMENTS = YES;
				CLANG_WARN_EMPTY_BODY = YES;
				CLANG_WARN_ENUM_CONVERSION = YES;
				CLANG_WARN_INFINITE_RECURSION = YES;
				CLANG_WARN_INT_CONVERSION = YES;
				CLANG_WARN_NON_LITERAL_NULL_CONVERSION = YES;
				CLANG_WARN_OBJC_IMPLICIT_RETAIN_SELF = YES;
				CLANG_WARN_OBJC_LITERAL_CONVERSION = YES;
				CLANG_WARN_OBJC_ROOT_CLASS = YES_ERROR;
				CLANG_WARN_QUOTED_INCLUDE_IN_FRAMEWORK_HEADER = YES;
				CLANG_WARN_RANGE_LOOP_ANALYSIS = YES;
				CLANG_WARN_STRICT_PROTOTYPES = YES;
				CLANG_WARN_SUSPICIOUS_MOVE = YES;
				CLANG_WARN_UNGUARDED_AVAILABILITY = YES_AGGRESSIVE;
				CLANG_WARN_UNREACHABLE_CODE = YES;
				CLANG_WARN__DUPLICATE_METHOD_MATCH = YES;
				COPY_PHASE_STRIP = NO;
				DEBUG_INFORMATION_FORMAT = "dwarf-with-dsym";
				DEVELOPMENT_TEAM = BD72FKWLAY;
				ENABLE_NS_ASSERTIONS = NO;
				ENABLE_STRICT_OBJC_MSGSEND = YES;
				ENABLE_USER_SCRIPT_SANDBOXING = YES;
				GCC_C_LANGUAGE_STANDARD = gnu17;
				GCC_NO_COMMON_BLOCKS = YES;
				GCC_WARN_64_TO_32_BIT_CONVERSION = YES;
				GCC_WARN_ABOUT_RETURN_TYPE = YES_ERROR;
				GCC_WARN_UNDECLARED_SELECTOR = YES;
				GCC_WARN_UNINITIALIZED_AUTOS = YES_AGGRESSIVE;
				GCC_WARN_UNUSED_FUNCTION = YES;
				GCC_WARN_UNUSED_VARIABLE = YES;
				IPHONEOS_DEPLOYMENT_TARGET = 18.2;
				LOCALIZATION_PREFERS_STRING_CATALOGS = YES;
				MTL_ENABLE_DEBUG_INFO = NO;
				MTL_FAST_MATH = YES;
				SDKROOT = iphoneos;
				SWIFT_COMPILATION_MODE = wholemodule;
				VALIDATE_PRODUCT = YES;
			};
			name = Release;
		};
		CC9E0D0B2D61A7B400584402 /* Debug */ = {
			isa = XCBuildConfiguration;
			buildSettings = {
				ASSETCATALOG_COMPILER_APPICON_NAME = AppIcon;
				ASSETCATALOG_COMPILER_GLOBAL_ACCENT_COLOR_NAME = AccentColor;
				CODE_SIGN_STYLE = Automatic;
				CURRENT_PROJECT_VERSION = 1;
				DEVELOPMENT_ASSET_PATHS = "\"Lizection/Preview Content\"";
				ENABLE_PREVIEWS = YES;
				GENERATE_INFOPLIST_FILE = YES;
				INFOPLIST_FILE = "";
				INFOPLIST_KEY_NSCalendarsUsageDescription = "We need access to your calendar to display your events and help you manage your schedule within the app.";
				INFOPLIST_KEY_NSLocationWhenInUseUsageDescription = "We use your location to show nearby events and provide relevant information.";
				INFOPLIST_KEY_UIApplicationSceneManifest_Generation = YES;
				INFOPLIST_KEY_UIApplicationSupportsIndirectInputEvents = YES;
				INFOPLIST_KEY_UILaunchScreen_Generation = YES;
				INFOPLIST_KEY_UISupportedInterfaceOrientations_iPad = "UIInterfaceOrientationPortrait UIInterfaceOrientationPortraitUpsideDown UIInterfaceOrientationLandscapeLeft UIInterfaceOrientationLandscapeRight";
				INFOPLIST_KEY_UISupportedInterfaceOrientations_iPhone = "UIInterfaceOrientationPortrait UIInterfaceOrientationLandscapeLeft UIInterfaceOrientationLandscapeRight";
				LD_RUNPATH_SEARCH_PATHS = (
					"$(inherited)",
					"@executable_path/Frameworks",
				);
				MARKETING_VERSION = 1.0;
				PRODUCT_BUNDLE_IDENTIFIER = Ellequation.Lizection;
				PRODUCT_NAME = "$(TARGET_NAME)";
				SWIFT_EMIT_LOC_STRINGS = YES;
				SWIFT_VERSION = 5.0;
				TARGETED_DEVICE_FAMILY = "1,2";
			};
			name = Debug;
		};
		CC9E0D0C2D61A7B400584402 /* Release */ = {
			isa = XCBuildConfiguration;
			buildSettings = {
				ASSETCATALOG_COMPILER_APPICON_NAME = AppIcon;
				ASSETCATALOG_COMPILER_GLOBAL_ACCENT_COLOR_NAME = AccentColor;
				CODE_SIGN_STYLE = Automatic;
				CURRENT_PROJECT_VERSION = 1;
				DEVELOPMENT_ASSET_PATHS = "\"Lizection/Preview Content\"";
				ENABLE_PREVIEWS = YES;
				GENERATE_INFOPLIST_FILE = YES;
				INFOPLIST_FILE = "";
				INFOPLIST_KEY_NSCalendarsUsageDescription = "We need access to your calendar to display your events and help you manage your schedule within the app.";
				INFOPLIST_KEY_NSLocationWhenInUseUsageDescription = "We use your location to show nearby events and provide relevant information.";
				INFOPLIST_KEY_UIApplicationSceneManifest_Generation = YES;
				INFOPLIST_KEY_UIApplicationSupportsIndirectInputEvents = YES;
				INFOPLIST_KEY_UILaunchScreen_Generation = YES;
				INFOPLIST_KEY_UISupportedInterfaceOrientations_iPad = "UIInterfaceOrientationPortrait UIInterfaceOrientationPortraitUpsideDown UIInterfaceOrientationLandscapeLeft UIInterfaceOrientationLandscapeRight";
				INFOPLIST_KEY_UISupportedInterfaceOrientations_iPhone = "UIInterfaceOrientationPortrait UIInterfaceOrientationLandscapeLeft UIInterfaceOrientationLandscapeRight";
				LD_RUNPATH_SEARCH_PATHS = (
					"$(inherited)",
					"@executable_path/Frameworks",
				);
				MARKETING_VERSION = 1.0;
				PRODUCT_BUNDLE_IDENTIFIER = Ellequation.Lizection;
				PRODUCT_NAME = "$(TARGET_NAME)";
				SWIFT_EMIT_LOC_STRINGS = YES;
				SWIFT_VERSION = 5.0;
				TARGETED_DEVICE_FAMILY = "1,2";
			};
			name = Release;
		};
		CC9E0D0E2D61A7B400584402 /* Debug */ = {
			isa = XCBuildConfiguration;
			buildSettings = {
				BUNDLE_LOADER = "$(TEST_HOST)";
				CODE_SIGN_STYLE = Automatic;
				CURRENT_PROJECT_VERSION = 1;
				GENERATE_INFOPLIST_FILE = YES;
				IPHONEOS_DEPLOYMENT_TARGET = 18.2;
				MARKETING_VERSION = 1.0;
				PRODUCT_BUNDLE_IDENTIFIER = Ellequation.LizectionTests;
				PRODUCT_NAME = "$(TARGET_NAME)";
				SWIFT_EMIT_LOC_STRINGS = NO;
				SWIFT_VERSION = 5.0;
				TARGETED_DEVICE_FAMILY = "1,2";
				TEST_HOST = "$(BUILT_PRODUCTS_DIR)/Lizection.app/$(BUNDLE_EXECUTABLE_FOLDER_PATH)/Lizection";
			};
			name = Debug;
		};
		CC9E0D0F2D61A7B400584402 /* Release */ = {
			isa = XCBuildConfiguration;
			buildSettings = {
				BUNDLE_LOADER = "$(TEST_HOST)";
				CODE_SIGN_STYLE = Automatic;
				CURRENT_PROJECT_VERSION = 1;
				GENERATE_INFOPLIST_FILE = YES;
				IPHONEOS_DEPLOYMENT_TARGET = 18.2;
				MARKETING_VERSION = 1.0;
				PRODUCT_BUNDLE_IDENTIFIER = Ellequation.LizectionTests;
				PRODUCT_NAME = "$(TARGET_NAME)";
				SWIFT_EMIT_LOC_STRINGS = NO;
				SWIFT_VERSION = 5.0;
				TARGETED_DEVICE_FAMILY = "1,2";
				TEST_HOST = "$(BUILT_PRODUCTS_DIR)/Lizection.app/$(BUNDLE_EXECUTABLE_FOLDER_PATH)/Lizection";
			};
			name = Release;
		};
		CC9E0D112D61A7B400584402 /* Debug */ = {
			isa = XCBuildConfiguration;
			buildSettings = {
				CODE_SIGN_STYLE = Automatic;
				CURRENT_PROJECT_VERSION = 1;
				GENERATE_INFOPLIST_FILE = YES;
				MARKETING_VERSION = 1.0;
				PRODUCT_BUNDLE_IDENTIFIER = Ellequation.LizectionUITests;
				PRODUCT_NAME = "$(TARGET_NAME)";
				SWIFT_EMIT_LOC_STRINGS = NO;
				SWIFT_VERSION = 5.0;
				TARGETED_DEVICE_FAMILY = "1,2";
				TEST_TARGET_NAME = Lizection;
			};
			name = Debug;
		};
		CC9E0D122D61A7B400584402 /* Release */ = {
			isa = XCBuildConfiguration;
			buildSettings = {
				CODE_SIGN_STYLE = Automatic;
				CURRENT_PROJECT_VERSION = 1;
				GENERATE_INFOPLIST_FILE = YES;
				MARKETING_VERSION = 1.0;
				PRODUCT_BUNDLE_IDENTIFIER = Ellequation.LizectionUITests;
				PRODUCT_NAME = "$(TARGET_NAME)";
				SWIFT_EMIT_LOC_STRINGS = NO;
				SWIFT_VERSION = 5.0;
				TARGETED_DEVICE_FAMILY = "1,2";
				TEST_TARGET_NAME = Lizection;
			};
			name = Release;
		};
/* End XCBuildConfiguration section */

/* Begin XCConfigurationList section */
		CC9E0CDF2D61A7B200584402 /* Build configuration list for PBXProject "Lizection" */ = {
			isa = XCConfigurationList;
			buildConfigurations = (
				CC9E0D082D61A7B400584402 /* Debug */,
				CC9E0D092D61A7B400584402 /* Release */,
			);
			defaultConfigurationIsVisible = 0;
			defaultConfigurationName = Release;
		};
		CC9E0D0A2D61A7B400584402 /* Build configuration list for PBXNativeTarget "Lizection" */ = {
			isa = XCConfigurationList;
			buildConfigurations = (
				CC9E0D0B2D61A7B400584402 /* Debug */,
				CC9E0D0C2D61A7B400584402 /* Release */,
			);
			defaultConfigurationIsVisible = 0;
			defaultConfigurationName = Release;
		};
		CC9E0D0D2D61A7B400584402 /* Build configuration list for PBXNativeTarget "LizectionTests" */ = {
			isa = XCConfigurationList;
			buildConfigurations = (
				CC9E0D0E2D61A7B400584402 /* Debug */,
				CC9E0D0F2D61A7B400584402 /* Release */,
			);
			defaultConfigurationIsVisible = 0;
			defaultConfigurationName = Release;
		};
		CC9E0D102D61A7B400584402 /* Build configuration list for PBXNativeTarget "LizectionUITests" */ = {
			isa = XCConfigurationList;
			buildConfigurations = (
				CC9E0D112D61A7B400584402 /* Debug */,
				CC9E0D122D61A7B400584402 /* Release */,
			);
			defaultConfigurationIsVisible = 0;
			defaultConfigurationName = Release;
		};
/* End XCConfigurationList section */

/* Begin XCRemoteSwiftPackageReference section */
		CC9E0D3E2D633CD200584402 /* XCRemoteSwiftPackageReference "arcgis-maps-sdk-swift" */ = {
			isa = XCRemoteSwiftPackageReference;
			repositoryURL = "https://github.com/Esri/arcgis-maps-sdk-swift";
			requirement = {
				kind = upToNextMajorVersion;
				minimumVersion = 200.6.0;
			};
		};
/* End XCRemoteSwiftPackageReference section */

/* Begin XCSwiftPackageProductDependency section */
		CC7B87022DE0E653000F7B4F /* ArcGIS */ = {
			isa = XCSwiftPackageProductDependency;
			package = CC9E0D3E2D633CD200584402 /* XCRemoteSwiftPackageReference "arcgis-maps-sdk-swift" */;
			productName = ArcGIS;
		};
		CC7B87042DE0E67E000F7B4F /* ArcGIS */ = {
			isa = XCSwiftPackageProductDependency;
			package = CC9E0D3E2D633CD200584402 /* XCRemoteSwiftPackageReference "arcgis-maps-sdk-swift" */;
			productName = ArcGIS;
		};
		CC7B87062DE0EE90000F7B4F /* ArcGIS */ = {
			isa = XCSwiftPackageProductDependency;
			package = CC9E0D3E2D633CD200584402 /* XCRemoteSwiftPackageReference "arcgis-maps-sdk-swift" */;
			productName = ArcGIS;
		};
/* End XCSwiftPackageProductDependency section */
	};
	rootObject = CC9E0CDC2D61A7B200584402 /* Project object */;
}
